
Microsoft Visual Studio Solution File, Format Version 12.00
# Visual Studio 14
VisualStudioVersion = 14.0.23107.0
MinimumVisualStudioVersion = 10.0.40219.1
Project("{2150E333-8FDC-42A3-9474-1A3956D46DE8}") = "_ref", "_ref", "{47D8D338-5994-4101-B864-2D801A2848F5}"
EndProject
Project("{FAE04EC0-301F-11D3-BF4B-00C04F79EFBC}") = "nilnul.collection(131218", "..\..\nilnul.collection\lib\nilnul.collection(131218.csproj", "{D36483EC-D896-4EB7-A876-2C030BAB56E5}"
EndProject
Project("{FAE04EC0-301F-11D3-BF4B-00C04F79EFBC}") = "nilnul.num.quotient150226", "nilnul.num.quotient150226.csproj", "{3BEBADC3-18FD-4E4B-ACC1-78880AFE8179}"
EndProject
Project("{FAE04EC0-301F-11D3-BF4B-00C04F79EFBC}") = "nilnul.num.integer150226", "..\..\nilnul.num.integer(sln)\lib\nilnul.num.integer150226.csproj", "{74D9334E-1CD5-44D9-87CC-D76888681010}"
EndProject
Project("{FAE04EC0-301F-11D3-BF4B-00C04F79EFBC}") = "nilnul.num150505", "..\..\nilnul.num.natural(sln\lib\nilnul.num150505.csproj", "{23B3E13A-3635-489B-BE69-FEF3FEEFB20A}"
EndProject
Project("{FAE04EC0-301F-11D3-BF4B-00C04F79EFBC}") = "nilnul.num._linq", "..\..\nilnul.num.natural(sln\_lib_dbConn\nilnul.num._linq.csproj", "{4F91AD6D-3D75-4292-ABE9-68E85050DB8A}"
EndProject
Project("{FAE04EC0-301F-11D3-BF4B-00C04F79EFBC}") = "nilnul.rel(150510", "..\..\nilnul.relation(sln\lib\nilnul.rel(150510.csproj", "{19FF6B8D-4484-4285-9E8A-486853FF66F0}"
EndProject
Project("{FAE04EC0-301F-11D3-BF4B-00C04F79EFBC}") = "nilnul.tuple", "..\..\nilnul.tuple\_dll\nilnul.tuple.csproj", "{247B4F95-3086-473A-B9B7-4F49BEC54DDB}"
EndProject
Project("{FAE04EC0-301F-11D3-BF4B-00C04F79EFBC}") = "nilnul.collection.set140331", "..\..\nilnul.collection.set\lib\nilnul.collection.set140331.csproj", "{93D484A0-9606-4ADF-BE77-CBD12D100750}"
EndProject
Project("{FAE04EC0-301F-11D3-BF4B-00C04F79EFBC}") = "nilnul.collection", "..\..\..\_srcS\nilnul.collection(finiteOverSet\_lib\nilnul.collection.csproj", "{E4CB3898-6398-4834-B0EE-443C449DDE8D}"
EndProject
Project("{FAE04EC0-301F-11D3-BF4B-00C04F79EFBC}") = "nilnul.ord(withInterval160213", "..\..\nilnul.order\lib\nilnul.ord(withInterval160213.csproj", "{6C7EC494-DECF-481D-889D-93361E682A02}"
EndProject
Project("{FAE04EC0-301F-11D3-BF4B-00C04F79EFBC}") = "nilnul.obj", "..\..\..\repoS\nilnul.obj\_dll\nilnul.obj.csproj", "{04F7924B-1268-4514-B3B7-EE563C7A8E15}"
EndProject
Project("{FAE04EC0-301F-11D3-BF4B-00C04F79EFBC}") = "nilnul(130621", "..\..\..\repoS\nilnul\_dll\nilnul(130621.csproj", "{AE93BE80-743C-4AA7-AE6D-B94EF6FFF4E6}"
EndProject
Project("{FAE04EC0-301F-11D3-BF4B-00C04F79EFBC}") = "nilnul.bit130616", "..\..\nilnul.bit(sln\lib\nilnul.bit130616.csproj", "{109C1344-5BEA-4E1A-B662-2C7FE60AC428}"
EndProject
Project("{FAE04EC0-301F-11D3-BF4B-00C04F79EFBC}") = "nilnul.collection.recur", "..\..\nilnul.collection.recur\_dll\nilnul.collection.recur.csproj", "{5E26E2AC-7E26-4ECD-8DF9-B8806AA91257}"
EndProject
Global
	GlobalSection(SolutionConfigurationPlatforms) = preSolution
		_Temp|Any CPU = _Temp|Any CPU
		_Temp|Mixed Platforms = _Temp|Mixed Platforms
		_Temp|x86 = _Temp|x86
		Debug|Any CPU = Debug|Any CPU
		Debug|Mixed Platforms = Debug|Mixed Platforms
		Debug|x86 = Debug|x86
		debug2pub|Any CPU = debug2pub|Any CPU
		debug2pub|Mixed Platforms = debug2pub|Mixed Platforms
		debug2pub|x86 = debug2pub|x86
		hbue__deptS_ccpOrg___release|Any CPU = hbue__deptS_ccpOrg___release|Any CPU
		hbue__deptS_ccpOrg___release|Mixed Platforms = hbue__deptS_ccpOrg___release|Mixed Platforms
		hbue__deptS_ccpOrg___release|x86 = hbue__deptS_ccpOrg___release|x86
		hbue__deptS_ccpOrg|Any CPU = hbue__deptS_ccpOrg|Any CPU
		hbue__deptS_ccpOrg|Mixed Platforms = hbue__deptS_ccpOrg|Mixed Platforms
		hbue__deptS_ccpOrg|x86 = hbue__deptS_ccpOrg|x86
		Release|Any CPU = Release|Any CPU
		Release|Mixed Platforms = Release|Mixed Platforms
		Release|x86 = Release|x86
		test_release|Any CPU = test_release|Any CPU
		test_release|Mixed Platforms = test_release|Mixed Platforms
		test_release|x86 = test_release|x86
	EndGlobalSection
	GlobalSection(ProjectConfigurationPlatforms) = postSolution
		{D36483EC-D896-4EB7-A876-2C030BAB56E5}._Temp|Any CPU.ActiveCfg = Release|Any CPU
		{D36483EC-D896-4EB7-A876-2C030BAB56E5}._Temp|Any CPU.Build.0 = Release|Any CPU
		{D36483EC-D896-4EB7-A876-2C030BAB56E5}._Temp|Mixed Platforms.ActiveCfg = Release|Any CPU
		{D36483EC-D896-4EB7-A876-2C030BAB56E5}._Temp|Mixed Platforms.Build.0 = Release|Any CPU
		{D36483EC-D896-4EB7-A876-2C030BAB56E5}._Temp|x86.ActiveCfg = Release|Any CPU
		{D36483EC-D896-4EB7-A876-2C030BAB56E5}.Debug|Any CPU.ActiveCfg = Debug|Any CPU
		{D36483EC-D896-4EB7-A876-2C030BAB56E5}.Debug|Any CPU.Build.0 = Debug|Any CPU
		{D36483EC-D896-4EB7-A876-2C030BAB56E5}.Debug|Mixed Platforms.ActiveCfg = Debug|Any CPU
		{D36483EC-D896-4EB7-A876-2C030BAB56E5}.Debug|Mixed Platforms.Build.0 = Debug|Any CPU
		{D36483EC-D896-4EB7-A876-2C030BAB56E5}.Debug|x86.ActiveCfg = Debug|Any CPU
		{D36483EC-D896-4EB7-A876-2C030BAB56E5}.debug2pub|Any CPU.ActiveCfg = debug2pub|Any CPU
		{D36483EC-D896-4EB7-A876-2C030BAB56E5}.debug2pub|Any CPU.Build.0 = debug2pub|Any CPU
		{D36483EC-D896-4EB7-A876-2C030BAB56E5}.debug2pub|Mixed Platforms.ActiveCfg = debug2pub|Any CPU
		{D36483EC-D896-4EB7-A876-2C030BAB56E5}.debug2pub|Mixed Platforms.Build.0 = debug2pub|Any CPU
		{D36483EC-D896-4EB7-A876-2C030BAB56E5}.debug2pub|x86.ActiveCfg = debug2pub|Any CPU
		{D36483EC-D896-4EB7-A876-2C030BAB56E5}.debug2pub|x86.Build.0 = debug2pub|Any CPU
		{D36483EC-D896-4EB7-A876-2C030BAB56E5}.hbue__deptS_ccpOrg___release|Any CPU.ActiveCfg = hbue__deptS_ccpOrg___release|Any CPU
		{D36483EC-D896-4EB7-A876-2C030BAB56E5}.hbue__deptS_ccpOrg___release|Any CPU.Build.0 = hbue__deptS_ccpOrg___release|Any CPU
		{D36483EC-D896-4EB7-A876-2C030BAB56E5}.hbue__deptS_ccpOrg___release|Mixed Platforms.ActiveCfg = hbue__deptS_ccpOrg___release|Any CPU
		{D36483EC-D896-4EB7-A876-2C030BAB56E5}.hbue__deptS_ccpOrg___release|Mixed Platforms.Build.0 = hbue__deptS_ccpOrg___release|Any CPU
		{D36483EC-D896-4EB7-A876-2C030BAB56E5}.hbue__deptS_ccpOrg___release|x86.ActiveCfg = hbue__deptS_ccpOrg___release|Any CPU
		{D36483EC-D896-4EB7-A876-2C030BAB56E5}.hbue__deptS_ccpOrg___release|x86.Build.0 = hbue__deptS_ccpOrg___release|Any CPU
		{D36483EC-D896-4EB7-A876-2C030BAB56E5}.hbue__deptS_ccpOrg|Any CPU.ActiveCfg = hbue__deptS_ccpOrg|Any CPU
		{D36483EC-D896-4EB7-A876-2C030BAB56E5}.hbue__deptS_ccpOrg|Any CPU.Build.0 = hbue__deptS_ccpOrg|Any CPU
		{D36483EC-D896-4EB7-A876-2C030BAB56E5}.hbue__deptS_ccpOrg|Mixed Platforms.ActiveCfg = hbue__deptS_ccpOrg|Any CPU
		{D36483EC-D896-4EB7-A876-2C030BAB56E5}.hbue__deptS_ccpOrg|Mixed Platforms.Build.0 = hbue__deptS_ccpOrg|Any CPU
		{D36483EC-D896-4EB7-A876-2C030BAB56E5}.hbue__deptS_ccpOrg|x86.ActiveCfg = hbue__deptS_ccpOrg|Any CPU
		{D36483EC-D896-4EB7-A876-2C030BAB56E5}.hbue__deptS_ccpOrg|x86.Build.0 = hbue__deptS_ccpOrg|Any CPU
		{D36483EC-D896-4EB7-A876-2C030BAB56E5}.Release|Any CPU.ActiveCfg = Release|Any CPU
		{D36483EC-D896-4EB7-A876-2C030BAB56E5}.Release|Any CPU.Build.0 = Release|Any CPU
		{D36483EC-D896-4EB7-A876-2C030BAB56E5}.Release|Mixed Platforms.ActiveCfg = Release|Any CPU
		{D36483EC-D896-4EB7-A876-2C030BAB56E5}.Release|Mixed Platforms.Build.0 = Release|Any CPU
		{D36483EC-D896-4EB7-A876-2C030BAB56E5}.Release|x86.ActiveCfg = Release|Any CPU
		{D36483EC-D896-4EB7-A876-2C030BAB56E5}.test_release|Any CPU.ActiveCfg = test_release|Any CPU
		{D36483EC-D896-4EB7-A876-2C030BAB56E5}.test_release|Any CPU.Build.0 = test_release|Any CPU
		{D36483EC-D896-4EB7-A876-2C030BAB56E5}.test_release|Mixed Platforms.ActiveCfg = test_release|Any CPU
		{D36483EC-D896-4EB7-A876-2C030BAB56E5}.test_release|Mixed Platforms.Build.0 = test_release|Any CPU
		{D36483EC-D896-4EB7-A876-2C030BAB56E5}.test_release|x86.ActiveCfg = test_release|Any CPU
		{D36483EC-D896-4EB7-A876-2C030BAB56E5}.test_release|x86.Build.0 = test_release|Any CPU
		{3BEBADC3-18FD-4E4B-ACC1-78880AFE8179}._Temp|Any CPU.ActiveCfg = Release|Any CPU
		{3BEBADC3-18FD-4E4B-ACC1-78880AFE8179}._Temp|Any CPU.Build.0 = Release|Any CPU
		{3BEBADC3-18FD-4E4B-ACC1-78880AFE8179}._Temp|Mixed Platforms.ActiveCfg = Release|Any CPU
		{3BEBADC3-18FD-4E4B-ACC1-78880AFE8179}._Temp|Mixed Platforms.Build.0 = Release|Any CPU
		{3BEBADC3-18FD-4E4B-ACC1-78880AFE8179}._Temp|x86.ActiveCfg = Release|Any CPU
		{3BEBADC3-18FD-4E4B-ACC1-78880AFE8179}.Debug|Any CPU.ActiveCfg = Debug|Any CPU
		{3BEBADC3-18FD-4E4B-ACC1-78880AFE8179}.Debug|Any CPU.Build.0 = Debug|Any CPU
		{3BEBADC3-18FD-4E4B-ACC1-78880AFE8179}.Debug|Mixed Platforms.ActiveCfg = Debug|Any CPU
		{3BEBADC3-18FD-4E4B-ACC1-78880AFE8179}.Debug|Mixed Platforms.Build.0 = Debug|Any CPU
		{3BEBADC3-18FD-4E4B-ACC1-78880AFE8179}.Debug|x86.ActiveCfg = Debug|Any CPU
		{3BEBADC3-18FD-4E4B-ACC1-78880AFE8179}.debug2pub|Any CPU.ActiveCfg = Debug|Any CPU
		{3BEBADC3-18FD-4E4B-ACC1-78880AFE8179}.debug2pub|Any CPU.Build.0 = Debug|Any CPU
		{3BEBADC3-18FD-4E4B-ACC1-78880AFE8179}.debug2pub|Mixed Platforms.ActiveCfg = Debug|Any CPU
		{3BEBADC3-18FD-4E4B-ACC1-78880AFE8179}.debug2pub|Mixed Platforms.Build.0 = Debug|Any CPU
		{3BEBADC3-18FD-4E4B-ACC1-78880AFE8179}.debug2pub|x86.ActiveCfg = Debug|Any CPU
		{3BEBADC3-18FD-4E4B-ACC1-78880AFE8179}.debug2pub|x86.Build.0 = Debug|Any CPU
		{3BEBADC3-18FD-4E4B-ACC1-78880AFE8179}.hbue__deptS_ccpOrg___release|Any CPU.ActiveCfg = Debug|Any CPU
		{3BEBADC3-18FD-4E4B-ACC1-78880AFE8179}.hbue__deptS_ccpOrg___release|Any CPU.Build.0 = Debug|Any CPU
		{3BEBADC3-18FD-4E4B-ACC1-78880AFE8179}.hbue__deptS_ccpOrg___release|Mixed Platforms.ActiveCfg = Debug|Any CPU
		{3BEBADC3-18FD-4E4B-ACC1-78880AFE8179}.hbue__deptS_ccpOrg___release|Mixed Platforms.Build.0 = Debug|Any CPU
		{3BEBADC3-18FD-4E4B-ACC1-78880AFE8179}.hbue__deptS_ccpOrg___release|x86.ActiveCfg = Debug|Any CPU
		{3BEBADC3-18FD-4E4B-ACC1-78880AFE8179}.hbue__deptS_ccpOrg___release|x86.Build.0 = Debug|Any CPU
		{3BEBADC3-18FD-4E4B-ACC1-78880AFE8179}.hbue__deptS_ccpOrg|Any CPU.ActiveCfg = Debug|Any CPU
		{3BEBADC3-18FD-4E4B-ACC1-78880AFE8179}.hbue__deptS_ccpOrg|Any CPU.Build.0 = Debug|Any CPU
		{3BEBADC3-18FD-4E4B-ACC1-78880AFE8179}.hbue__deptS_ccpOrg|Mixed Platforms.ActiveCfg = Debug|Any CPU
		{3BEBADC3-18FD-4E4B-ACC1-78880AFE8179}.hbue__deptS_ccpOrg|Mixed Platforms.Build.0 = Debug|Any CPU
		{3BEBADC3-18FD-4E4B-ACC1-78880AFE8179}.hbue__deptS_ccpOrg|x86.ActiveCfg = Debug|Any CPU
		{3BEBADC3-18FD-4E4B-ACC1-78880AFE8179}.hbue__deptS_ccpOrg|x86.Build.0 = Debug|Any CPU
		{3BEBADC3-18FD-4E4B-ACC1-78880AFE8179}.Release|Any CPU.ActiveCfg = Release|Any CPU
		{3BEBADC3-18FD-4E4B-ACC1-78880AFE8179}.Release|Any CPU.Build.0 = Release|Any CPU
		{3BEBADC3-18FD-4E4B-ACC1-78880AFE8179}.Release|Mixed Platforms.ActiveCfg = Release|Any CPU
		{3BEBADC3-18FD-4E4B-ACC1-78880AFE8179}.Release|Mixed Platforms.Build.0 = Release|Any CPU
		{3BEBADC3-18FD-4E4B-ACC1-78880AFE8179}.Release|x86.ActiveCfg = Release|Any CPU
		{3BEBADC3-18FD-4E4B-ACC1-78880AFE8179}.test_release|Any CPU.ActiveCfg = Debug|Any CPU
		{3BEBADC3-18FD-4E4B-ACC1-78880AFE8179}.test_release|Any CPU.Build.0 = Debug|Any CPU
		{3BEBADC3-18FD-4E4B-ACC1-78880AFE8179}.test_release|Mixed Platforms.ActiveCfg = Debug|Any CPU
		{3BEBADC3-18FD-4E4B-ACC1-78880AFE8179}.test_release|Mixed Platforms.Build.0 = Debug|Any CPU
		{3BEBADC3-18FD-4E4B-ACC1-78880AFE8179}.test_release|x86.ActiveCfg = Debug|Any CPU
		{3BEBADC3-18FD-4E4B-ACC1-78880AFE8179}.test_release|x86.Build.0 = Debug|Any CPU
		{74D9334E-1CD5-44D9-87CC-D76888681010}._Temp|Any CPU.ActiveCfg = Release|Any CPU
		{74D9334E-1CD5-44D9-87CC-D76888681010}._Temp|Any CPU.Build.0 = Release|Any CPU
		{74D9334E-1CD5-44D9-87CC-D76888681010}._Temp|Mixed Platforms.ActiveCfg = Release|Any CPU
		{74D9334E-1CD5-44D9-87CC-D76888681010}._Temp|Mixed Platforms.Build.0 = Release|Any CPU
		{74D9334E-1CD5-44D9-87CC-D76888681010}._Temp|x86.ActiveCfg = Release|Any CPU
		{74D9334E-1CD5-44D9-87CC-D76888681010}._Temp|x86.Build.0 = Release|Any CPU
		{74D9334E-1CD5-44D9-87CC-D76888681010}.Debug|Any CPU.ActiveCfg = Debug|Any CPU
		{74D9334E-1CD5-44D9-87CC-D76888681010}.Debug|Any CPU.Build.0 = Debug|Any CPU
		{74D9334E-1CD5-44D9-87CC-D76888681010}.Debug|Mixed Platforms.ActiveCfg = Debug|Any CPU
		{74D9334E-1CD5-44D9-87CC-D76888681010}.Debug|Mixed Platforms.Build.0 = Debug|Any CPU
		{74D9334E-1CD5-44D9-87CC-D76888681010}.Debug|x86.ActiveCfg = Debug|Any CPU
		{74D9334E-1CD5-44D9-87CC-D76888681010}.Debug|x86.Build.0 = Debug|Any CPU
		{74D9334E-1CD5-44D9-87CC-D76888681010}.debug2pub|Any CPU.ActiveCfg = Debug|Any CPU
		{74D9334E-1CD5-44D9-87CC-D76888681010}.debug2pub|Any CPU.Build.0 = Debug|Any CPU
		{74D9334E-1CD5-44D9-87CC-D76888681010}.debug2pub|Mixed Platforms.ActiveCfg = Debug|Any CPU
		{74D9334E-1CD5-44D9-87CC-D76888681010}.debug2pub|Mixed Platforms.Build.0 = Debug|Any CPU
		{74D9334E-1CD5-44D9-87CC-D76888681010}.debug2pub|x86.ActiveCfg = Debug|Any CPU
		{74D9334E-1CD5-44D9-87CC-D76888681010}.debug2pub|x86.Build.0 = Debug|Any CPU
		{74D9334E-1CD5-44D9-87CC-D76888681010}.hbue__deptS_ccpOrg___release|Any CPU.ActiveCfg = Debug|Any CPU
		{74D9334E-1CD5-44D9-87CC-D76888681010}.hbue__deptS_ccpOrg___release|Any CPU.Build.0 = Debug|Any CPU
		{74D9334E-1CD5-44D9-87CC-D76888681010}.hbue__deptS_ccpOrg___release|Mixed Platforms.ActiveCfg = Debug|Any CPU
		{74D9334E-1CD5-44D9-87CC-D76888681010}.hbue__deptS_ccpOrg___release|Mixed Platforms.Build.0 = Debug|Any CPU
		{74D9334E-1CD5-44D9-87CC-D76888681010}.hbue__deptS_ccpOrg___release|x86.ActiveCfg = Debug|Any CPU
		{74D9334E-1CD5-44D9-87CC-D76888681010}.hbue__deptS_ccpOrg___release|x86.Build.0 = Debug|Any CPU
		{74D9334E-1CD5-44D9-87CC-D76888681010}.hbue__deptS_ccpOrg|Any CPU.ActiveCfg = Debug|Any CPU
		{74D9334E-1CD5-44D9-87CC-D76888681010}.hbue__deptS_ccpOrg|Any CPU.Build.0 = Debug|Any CPU
		{74D9334E-1CD5-44D9-87CC-D76888681010}.hbue__deptS_ccpOrg|Mixed Platforms.ActiveCfg = Debug|Any CPU
		{74D9334E-1CD5-44D9-87CC-D76888681010}.hbue__deptS_ccpOrg|Mixed Platforms.Build.0 = Debug|Any CPU
		{74D9334E-1CD5-44D9-87CC-D76888681010}.hbue__deptS_ccpOrg|x86.ActiveCfg = Debug|Any CPU
		{74D9334E-1CD5-44D9-87CC-D76888681010}.hbue__deptS_ccpOrg|x86.Build.0 = Debug|Any CPU
		{74D9334E-1CD5-44D9-87CC-D76888681010}.Release|Any CPU.ActiveCfg = Release|Any CPU
		{74D9334E-1CD5-44D9-87CC-D76888681010}.Release|Any CPU.Build.0 = Release|Any CPU
		{74D9334E-1CD5-44D9-87CC-D76888681010}.Release|Mixed Platforms.ActiveCfg = Release|Any CPU
		{74D9334E-1CD5-44D9-87CC-D76888681010}.Release|Mixed Platforms.Build.0 = Release|Any CPU
		{74D9334E-1CD5-44D9-87CC-D76888681010}.Release|x86.ActiveCfg = Release|Any CPU
		{74D9334E-1CD5-44D9-87CC-D76888681010}.Release|x86.Build.0 = Release|Any CPU
		{74D9334E-1CD5-44D9-87CC-D76888681010}.test_release|Any CPU.ActiveCfg = Debug|Any CPU
		{74D9334E-1CD5-44D9-87CC-D76888681010}.test_release|Any CPU.Build.0 = Debug|Any CPU
		{74D9334E-1CD5-44D9-87CC-D76888681010}.test_release|Mixed Platforms.ActiveCfg = Debug|Any CPU
		{74D9334E-1CD5-44D9-87CC-D76888681010}.test_release|Mixed Platforms.Build.0 = Debug|Any CPU
		{74D9334E-1CD5-44D9-87CC-D76888681010}.test_release|x86.ActiveCfg = Debug|Any CPU
		{74D9334E-1CD5-44D9-87CC-D76888681010}.test_release|x86.Build.0 = Debug|Any CPU
		{23B3E13A-3635-489B-BE69-FEF3FEEFB20A}._Temp|Any CPU.ActiveCfg = Release|Any CPU
		{23B3E13A-3635-489B-BE69-FEF3FEEFB20A}._Temp|Any CPU.Build.0 = Release|Any CPU
		{23B3E13A-3635-489B-BE69-FEF3FEEFB20A}._Temp|Mixed Platforms.ActiveCfg = Release|Any CPU
		{23B3E13A-3635-489B-BE69-FEF3FEEFB20A}._Temp|Mixed Platforms.Build.0 = Release|Any CPU
		{23B3E13A-3635-489B-BE69-FEF3FEEFB20A}._Temp|x86.ActiveCfg = Release|Any CPU
		{23B3E13A-3635-489B-BE69-FEF3FEEFB20A}._Temp|x86.Build.0 = Release|Any CPU
		{23B3E13A-3635-489B-BE69-FEF3FEEFB20A}.Debug|Any CPU.ActiveCfg = Debug|Any CPU
		{23B3E13A-3635-489B-BE69-FEF3FEEFB20A}.Debug|Any CPU.Build.0 = Debug|Any CPU
		{23B3E13A-3635-489B-BE69-FEF3FEEFB20A}.Debug|Mixed Platforms.ActiveCfg = Debug|Any CPU
		{23B3E13A-3635-489B-BE69-FEF3FEEFB20A}.Debug|Mixed Platforms.Build.0 = Debug|Any CPU
		{23B3E13A-3635-489B-BE69-FEF3FEEFB20A}.Debug|x86.ActiveCfg = Debug|Any CPU
		{23B3E13A-3635-489B-BE69-FEF3FEEFB20A}.debug2pub|Any CPU.ActiveCfg = Debug|Any CPU
		{23B3E13A-3635-489B-BE69-FEF3FEEFB20A}.debug2pub|Any CPU.Build.0 = Debug|Any CPU
		{23B3E13A-3635-489B-BE69-FEF3FEEFB20A}.debug2pub|Mixed Platforms.ActiveCfg = Debug|Any CPU
		{23B3E13A-3635-489B-BE69-FEF3FEEFB20A}.debug2pub|Mixed Platforms.Build.0 = Debug|Any CPU
		{23B3E13A-3635-489B-BE69-FEF3FEEFB20A}.debug2pub|x86.ActiveCfg = Debug|Any CPU
		{23B3E13A-3635-489B-BE69-FEF3FEEFB20A}.debug2pub|x86.Build.0 = Debug|Any CPU
		{23B3E13A-3635-489B-BE69-FEF3FEEFB20A}.hbue__deptS_ccpOrg___release|Any CPU.ActiveCfg = hbue__deptS_ccpOrg___release|Any CPU
		{23B3E13A-3635-489B-BE69-FEF3FEEFB20A}.hbue__deptS_ccpOrg___release|Any CPU.Build.0 = hbue__deptS_ccpOrg___release|Any CPU
		{23B3E13A-3635-489B-BE69-FEF3FEEFB20A}.hbue__deptS_ccpOrg___release|Mixed Platforms.ActiveCfg = hbue__deptS_ccpOrg___release|Any CPU
		{23B3E13A-3635-489B-BE69-FEF3FEEFB20A}.hbue__deptS_ccpOrg___release|Mixed Platforms.Build.0 = hbue__deptS_ccpOrg___release|Any CPU
		{23B3E13A-3635-489B-BE69-FEF3FEEFB20A}.hbue__deptS_ccpOrg___release|x86.ActiveCfg = hbue__deptS_ccpOrg___release|Any CPU
		{23B3E13A-3635-489B-BE69-FEF3FEEFB20A}.hbue__deptS_ccpOrg___release|x86.Build.0 = hbue__deptS_ccpOrg___release|Any CPU
		{23B3E13A-3635-489B-BE69-FEF3FEEFB20A}.hbue__deptS_ccpOrg|Any CPU.ActiveCfg = hbue__deptS_ccpOrg|Any CPU
		{23B3E13A-3635-489B-BE69-FEF3FEEFB20A}.hbue__deptS_ccpOrg|Any CPU.Build.0 = hbue__deptS_ccpOrg|Any CPU
		{23B3E13A-3635-489B-BE69-FEF3FEEFB20A}.hbue__deptS_ccpOrg|Mixed Platforms.ActiveCfg = hbue__deptS_ccpOrg|Any CPU
		{23B3E13A-3635-489B-BE69-FEF3FEEFB20A}.hbue__deptS_ccpOrg|Mixed Platforms.Build.0 = hbue__deptS_ccpOrg|Any CPU
		{23B3E13A-3635-489B-BE69-FEF3FEEFB20A}.hbue__deptS_ccpOrg|x86.ActiveCfg = hbue__deptS_ccpOrg|Any CPU
		{23B3E13A-3635-489B-BE69-FEF3FEEFB20A}.hbue__deptS_ccpOrg|x86.Build.0 = hbue__deptS_ccpOrg|Any CPU
		{23B3E13A-3635-489B-BE69-FEF3FEEFB20A}.Release|Any CPU.ActiveCfg = Release|Any CPU
		{23B3E13A-3635-489B-BE69-FEF3FEEFB20A}.Release|Any CPU.Build.0 = Release|Any CPU
		{23B3E13A-3635-489B-BE69-FEF3FEEFB20A}.Release|Mixed Platforms.ActiveCfg = Release|Any CPU
		{23B3E13A-3635-489B-BE69-FEF3FEEFB20A}.Release|Mixed Platforms.Build.0 = Release|Any CPU
		{23B3E13A-3635-489B-BE69-FEF3FEEFB20A}.Release|x86.ActiveCfg = Release|Any CPU
		{23B3E13A-3635-489B-BE69-FEF3FEEFB20A}.test_release|Any CPU.ActiveCfg = test_release|Any CPU
		{23B3E13A-3635-489B-BE69-FEF3FEEFB20A}.test_release|Any CPU.Build.0 = test_release|Any CPU
		{23B3E13A-3635-489B-BE69-FEF3FEEFB20A}.test_release|Mixed Platforms.ActiveCfg = test_release|Any CPU
		{23B3E13A-3635-489B-BE69-FEF3FEEFB20A}.test_release|Mixed Platforms.Build.0 = test_release|Any CPU
		{23B3E13A-3635-489B-BE69-FEF3FEEFB20A}.test_release|x86.ActiveCfg = test_release|Any CPU
		{23B3E13A-3635-489B-BE69-FEF3FEEFB20A}.test_release|x86.Build.0 = test_release|Any CPU
		{4F91AD6D-3D75-4292-ABE9-68E85050DB8A}._Temp|Any CPU.ActiveCfg = Release|Any CPU
		{4F91AD6D-3D75-4292-ABE9-68E85050DB8A}._Temp|Any CPU.Build.0 = Release|Any CPU
		{4F91AD6D-3D75-4292-ABE9-68E85050DB8A}._Temp|Mixed Platforms.ActiveCfg = Release|Any CPU
		{4F91AD6D-3D75-4292-ABE9-68E85050DB8A}._Temp|Mixed Platforms.Build.0 = Release|Any CPU
		{4F91AD6D-3D75-4292-ABE9-68E85050DB8A}._Temp|x86.ActiveCfg = Release|Any CPU
		{4F91AD6D-3D75-4292-ABE9-68E85050DB8A}._Temp|x86.Build.0 = Release|Any CPU
		{4F91AD6D-3D75-4292-ABE9-68E85050DB8A}.Debug|Any CPU.ActiveCfg = Debug|Any CPU
		{4F91AD6D-3D75-4292-ABE9-68E85050DB8A}.Debug|Any CPU.Build.0 = Debug|Any CPU
		{4F91AD6D-3D75-4292-ABE9-68E85050DB8A}.Debug|Mixed Platforms.ActiveCfg = Debug|Any CPU
		{4F91AD6D-3D75-4292-ABE9-68E85050DB8A}.Debug|Mixed Platforms.Build.0 = Debug|Any CPU
		{4F91AD6D-3D75-4292-ABE9-68E85050DB8A}.Debug|x86.ActiveCfg = Debug|Any CPU
		{4F91AD6D-3D75-4292-ABE9-68E85050DB8A}.Debug|x86.Build.0 = Debug|Any CPU
		{4F91AD6D-3D75-4292-ABE9-68E85050DB8A}.debug2pub|Any CPU.ActiveCfg = Debug|Any CPU
		{4F91AD6D-3D75-4292-ABE9-68E85050DB8A}.debug2pub|Any CPU.Build.0 = Debug|Any CPU
		{4F91AD6D-3D75-4292-ABE9-68E85050DB8A}.debug2pub|Mixed Platforms.ActiveCfg = Debug|Any CPU
		{4F91AD6D-3D75-4292-ABE9-68E85050DB8A}.debug2pub|Mixed Platforms.Build.0 = Debug|Any CPU
		{4F91AD6D-3D75-4292-ABE9-68E85050DB8A}.debug2pub|x86.ActiveCfg = Debug|Any CPU
		{4F91AD6D-3D75-4292-ABE9-68E85050DB8A}.debug2pub|x86.Build.0 = Debug|Any CPU
		{4F91AD6D-3D75-4292-ABE9-68E85050DB8A}.hbue__deptS_ccpOrg___release|Any CPU.ActiveCfg = hbue__deptS_ccpOrg___release|Any CPU
		{4F91AD6D-3D75-4292-ABE9-68E85050DB8A}.hbue__deptS_ccpOrg___release|Any CPU.Build.0 = hbue__deptS_ccpOrg___release|Any CPU
		{4F91AD6D-3D75-4292-ABE9-68E85050DB8A}.hbue__deptS_ccpOrg___release|Mixed Platforms.ActiveCfg = hbue__deptS_ccpOrg___release|Any CPU
		{4F91AD6D-3D75-4292-ABE9-68E85050DB8A}.hbue__deptS_ccpOrg___release|Mixed Platforms.Build.0 = hbue__deptS_ccpOrg___release|Any CPU
		{4F91AD6D-3D75-4292-ABE9-68E85050DB8A}.hbue__deptS_ccpOrg___release|x86.ActiveCfg = hbue__deptS_ccpOrg___release|Any CPU
		{4F91AD6D-3D75-4292-ABE9-68E85050DB8A}.hbue__deptS_ccpOrg___release|x86.Build.0 = hbue__deptS_ccpOrg___release|Any CPU
		{4F91AD6D-3D75-4292-ABE9-68E85050DB8A}.hbue__deptS_ccpOrg|Any CPU.ActiveCfg = hbue__deptS_ccpOrg|Any CPU
		{4F91AD6D-3D75-4292-ABE9-68E85050DB8A}.hbue__deptS_ccpOrg|Any CPU.Build.0 = hbue__deptS_ccpOrg|Any CPU
		{4F91AD6D-3D75-4292-ABE9-68E85050DB8A}.hbue__deptS_ccpOrg|Mixed Platforms.ActiveCfg = hbue__deptS_ccpOrg|Any CPU
		{4F91AD6D-3D75-4292-ABE9-68E85050DB8A}.hbue__deptS_ccpOrg|Mixed Platforms.Build.0 = hbue__deptS_ccpOrg|Any CPU
		{4F91AD6D-3D75-4292-ABE9-68E85050DB8A}.hbue__deptS_ccpOrg|x86.ActiveCfg = hbue__deptS_ccpOrg|Any CPU
		{4F91AD6D-3D75-4292-ABE9-68E85050DB8A}.hbue__deptS_ccpOrg|x86.Build.0 = hbue__deptS_ccpOrg|Any CPU
		{4F91AD6D-3D75-4292-ABE9-68E85050DB8A}.Release|Any CPU.ActiveCfg = Release|Any CPU
		{4F91AD6D-3D75-4292-ABE9-68E85050DB8A}.Release|Any CPU.Build.0 = Release|Any CPU
		{4F91AD6D-3D75-4292-ABE9-68E85050DB8A}.Release|Mixed Platforms.ActiveCfg = Release|Any CPU
		{4F91AD6D-3D75-4292-ABE9-68E85050DB8A}.Release|Mixed Platforms.Build.0 = Release|Any CPU
		{4F91AD6D-3D75-4292-ABE9-68E85050DB8A}.Release|x86.ActiveCfg = Release|Any CPU
		{4F91AD6D-3D75-4292-ABE9-68E85050DB8A}.Release|x86.Build.0 = Release|Any CPU
		{4F91AD6D-3D75-4292-ABE9-68E85050DB8A}.test_release|Any CPU.ActiveCfg = test_release|Any CPU
		{4F91AD6D-3D75-4292-ABE9-68E85050DB8A}.test_release|Any CPU.Build.0 = test_release|Any CPU
		{4F91AD6D-3D75-4292-ABE9-68E85050DB8A}.test_release|Mixed Platforms.ActiveCfg = test_release|Any CPU
		{4F91AD6D-3D75-4292-ABE9-68E85050DB8A}.test_release|Mixed Platforms.Build.0 = test_release|Any CPU
		{4F91AD6D-3D75-4292-ABE9-68E85050DB8A}.test_release|x86.ActiveCfg = test_release|Any CPU
		{4F91AD6D-3D75-4292-ABE9-68E85050DB8A}.test_release|x86.Build.0 = test_release|Any CPU
		{19FF6B8D-4484-4285-9E8A-486853FF66F0}._Temp|Any CPU.ActiveCfg = Release|Any CPU
		{19FF6B8D-4484-4285-9E8A-486853FF66F0}._Temp|Any CPU.Build.0 = Release|Any CPU
		{19FF6B8D-4484-4285-9E8A-486853FF66F0}._Temp|Mixed Platforms.ActiveCfg = Release|Any CPU
		{19FF6B8D-4484-4285-9E8A-486853FF66F0}._Temp|Mixed Platforms.Build.0 = Release|Any CPU
		{19FF6B8D-4484-4285-9E8A-486853FF66F0}._Temp|x86.ActiveCfg = Release|Any CPU
		{19FF6B8D-4484-4285-9E8A-486853FF66F0}.Debug|Any CPU.ActiveCfg = Debug|Any CPU
		{19FF6B8D-4484-4285-9E8A-486853FF66F0}.Debug|Any CPU.Build.0 = Debug|Any CPU
		{19FF6B8D-4484-4285-9E8A-486853FF66F0}.Debug|Mixed Platforms.ActiveCfg = Debug|Any CPU
		{19FF6B8D-4484-4285-9E8A-486853FF66F0}.Debug|Mixed Platforms.Build.0 = Debug|Any CPU
		{19FF6B8D-4484-4285-9E8A-486853FF66F0}.Debug|x86.ActiveCfg = Debug|Any CPU
		{19FF6B8D-4484-4285-9E8A-486853FF66F0}.debug2pub|Any CPU.ActiveCfg = debug2pub|Any CPU
		{19FF6B8D-4484-4285-9E8A-486853FF66F0}.debug2pub|Any CPU.Build.0 = debug2pub|Any CPU
		{19FF6B8D-4484-4285-9E8A-486853FF66F0}.debug2pub|Mixed Platforms.ActiveCfg = debug2pub|Any CPU
		{19FF6B8D-4484-4285-9E8A-486853FF66F0}.debug2pub|Mixed Platforms.Build.0 = debug2pub|Any CPU
		{19FF6B8D-4484-4285-9E8A-486853FF66F0}.debug2pub|x86.ActiveCfg = debug2pub|Any CPU
		{19FF6B8D-4484-4285-9E8A-486853FF66F0}.debug2pub|x86.Build.0 = debug2pub|Any CPU
		{19FF6B8D-4484-4285-9E8A-486853FF66F0}.hbue__deptS_ccpOrg___release|Any CPU.ActiveCfg = hbue__deptS_ccpOrg___release|Any CPU
		{19FF6B8D-4484-4285-9E8A-486853FF66F0}.hbue__deptS_ccpOrg___release|Any CPU.Build.0 = hbue__deptS_ccpOrg___release|Any CPU
		{19FF6B8D-4484-4285-9E8A-486853FF66F0}.hbue__deptS_ccpOrg___release|Mixed Platforms.ActiveCfg = hbue__deptS_ccpOrg___release|Any CPU
		{19FF6B8D-4484-4285-9E8A-486853FF66F0}.hbue__deptS_ccpOrg___release|Mixed Platforms.Build.0 = hbue__deptS_ccpOrg___release|Any CPU
		{19FF6B8D-4484-4285-9E8A-486853FF66F0}.hbue__deptS_ccpOrg___release|x86.ActiveCfg = hbue__deptS_ccpOrg___release|Any CPU
		{19FF6B8D-4484-4285-9E8A-486853FF66F0}.hbue__deptS_ccpOrg___release|x86.Build.0 = hbue__deptS_ccpOrg___release|Any CPU
		{19FF6B8D-4484-4285-9E8A-486853FF66F0}.hbue__deptS_ccpOrg|Any CPU.ActiveCfg = hbue__deptS_ccpOrg|Any CPU
		{19FF6B8D-4484-4285-9E8A-486853FF66F0}.hbue__deptS_ccpOrg|Any CPU.Build.0 = hbue__deptS_ccpOrg|Any CPU
		{19FF6B8D-4484-4285-9E8A-486853FF66F0}.hbue__deptS_ccpOrg|Mixed Platforms.ActiveCfg = hbue__deptS_ccpOrg|Any CPU
		{19FF6B8D-4484-4285-9E8A-486853FF66F0}.hbue__deptS_ccpOrg|Mixed Platforms.Build.0 = hbue__deptS_ccpOrg|Any CPU
		{19FF6B8D-4484-4285-9E8A-486853FF66F0}.hbue__deptS_ccpOrg|x86.ActiveCfg = hbue__deptS_ccpOrg|Any CPU
		{19FF6B8D-4484-4285-9E8A-486853FF66F0}.hbue__deptS_ccpOrg|x86.Build.0 = hbue__deptS_ccpOrg|Any CPU
		{19FF6B8D-4484-4285-9E8A-486853FF66F0}.Release|Any CPU.ActiveCfg = Release|Any CPU
		{19FF6B8D-4484-4285-9E8A-486853FF66F0}.Release|Any CPU.Build.0 = Release|Any CPU
		{19FF6B8D-4484-4285-9E8A-486853FF66F0}.Release|Mixed Platforms.ActiveCfg = Release|Any CPU
		{19FF6B8D-4484-4285-9E8A-486853FF66F0}.Release|Mixed Platforms.Build.0 = Release|Any CPU
		{19FF6B8D-4484-4285-9E8A-486853FF66F0}.Release|x86.ActiveCfg = Release|Any CPU
		{19FF6B8D-4484-4285-9E8A-486853FF66F0}.test_release|Any CPU.ActiveCfg = test_release|Any CPU
		{19FF6B8D-4484-4285-9E8A-486853FF66F0}.test_release|Any CPU.Build.0 = test_release|Any CPU
		{19FF6B8D-4484-4285-9E8A-486853FF66F0}.test_release|Mixed Platforms.ActiveCfg = test_release|Any CPU
		{19FF6B8D-4484-4285-9E8A-486853FF66F0}.test_release|Mixed Platforms.Build.0 = test_release|Any CPU
		{19FF6B8D-4484-4285-9E8A-486853FF66F0}.test_release|x86.ActiveCfg = test_release|Any CPU
		{19FF6B8D-4484-4285-9E8A-486853FF66F0}.test_release|x86.Build.0 = test_release|Any CPU
		{247B4F95-3086-473A-B9B7-4F49BEC54DDB}._Temp|Any CPU.ActiveCfg = Release|Any CPU
		{247B4F95-3086-473A-B9B7-4F49BEC54DDB}._Temp|Any CPU.Build.0 = Release|Any CPU
		{247B4F95-3086-473A-B9B7-4F49BEC54DDB}._Temp|Mixed Platforms.ActiveCfg = Release|Any CPU
		{247B4F95-3086-473A-B9B7-4F49BEC54DDB}._Temp|Mixed Platforms.Build.0 = Release|Any CPU
		{247B4F95-3086-473A-B9B7-4F49BEC54DDB}._Temp|x86.ActiveCfg = Release|Any CPU
		{247B4F95-3086-473A-B9B7-4F49BEC54DDB}._Temp|x86.Build.0 = Release|Any CPU
		{247B4F95-3086-473A-B9B7-4F49BEC54DDB}.Debug|Any CPU.ActiveCfg = Debug|Any CPU
		{247B4F95-3086-473A-B9B7-4F49BEC54DDB}.Debug|Any CPU.Build.0 = Debug|Any CPU
		{247B4F95-3086-473A-B9B7-4F49BEC54DDB}.Debug|Mixed Platforms.ActiveCfg = Debug|Any CPU
		{247B4F95-3086-473A-B9B7-4F49BEC54DDB}.Debug|Mixed Platforms.Build.0 = Debug|Any CPU
		{247B4F95-3086-473A-B9B7-4F49BEC54DDB}.Debug|x86.ActiveCfg = Debug|Any CPU
		{247B4F95-3086-473A-B9B7-4F49BEC54DDB}.Debug|x86.Build.0 = Debug|Any CPU
		{247B4F95-3086-473A-B9B7-4F49BEC54DDB}.debug2pub|Any CPU.ActiveCfg = debug2pub|Any CPU
		{247B4F95-3086-473A-B9B7-4F49BEC54DDB}.debug2pub|Any CPU.Build.0 = debug2pub|Any CPU
		{247B4F95-3086-473A-B9B7-4F49BEC54DDB}.debug2pub|Mixed Platforms.ActiveCfg = debug2pub|Any CPU
		{247B4F95-3086-473A-B9B7-4F49BEC54DDB}.debug2pub|Mixed Platforms.Build.0 = debug2pub|Any CPU
		{247B4F95-3086-473A-B9B7-4F49BEC54DDB}.debug2pub|x86.ActiveCfg = debug2pub|Any CPU
		{247B4F95-3086-473A-B9B7-4F49BEC54DDB}.debug2pub|x86.Build.0 = debug2pub|Any CPU
		{247B4F95-3086-473A-B9B7-4F49BEC54DDB}.hbue__deptS_ccpOrg___release|Any CPU.ActiveCfg = hbue__deptS_ccpOrg___release|Any CPU
		{247B4F95-3086-473A-B9B7-4F49BEC54DDB}.hbue__deptS_ccpOrg___release|Any CPU.Build.0 = hbue__deptS_ccpOrg___release|Any CPU
		{247B4F95-3086-473A-B9B7-4F49BEC54DDB}.hbue__deptS_ccpOrg___release|Mixed Platforms.ActiveCfg = hbue__deptS_ccpOrg___release|Any CPU
		{247B4F95-3086-473A-B9B7-4F49BEC54DDB}.hbue__deptS_ccpOrg___release|Mixed Platforms.Build.0 = hbue__deptS_ccpOrg___release|Any CPU
		{247B4F95-3086-473A-B9B7-4F49BEC54DDB}.hbue__deptS_ccpOrg___release|x86.ActiveCfg = hbue__deptS_ccpOrg___release|Any CPU
		{247B4F95-3086-473A-B9B7-4F49BEC54DDB}.hbue__deptS_ccpOrg___release|x86.Build.0 = hbue__deptS_ccpOrg___release|Any CPU
		{247B4F95-3086-473A-B9B7-4F49BEC54DDB}.hbue__deptS_ccpOrg|Any CPU.ActiveCfg = hbue__deptS_ccpOrg|Any CPU
		{247B4F95-3086-473A-B9B7-4F49BEC54DDB}.hbue__deptS_ccpOrg|Any CPU.Build.0 = hbue__deptS_ccpOrg|Any CPU
		{247B4F95-3086-473A-B9B7-4F49BEC54DDB}.hbue__deptS_ccpOrg|Mixed Platforms.ActiveCfg = hbue__deptS_ccpOrg|Any CPU
		{247B4F95-3086-473A-B9B7-4F49BEC54DDB}.hbue__deptS_ccpOrg|Mixed Platforms.Build.0 = hbue__deptS_ccpOrg|Any CPU
		{247B4F95-3086-473A-B9B7-4F49BEC54DDB}.hbue__deptS_ccpOrg|x86.ActiveCfg = hbue__deptS_ccpOrg|Any CPU
		{247B4F95-3086-473A-B9B7-4F49BEC54DDB}.hbue__deptS_ccpOrg|x86.Build.0 = hbue__deptS_ccpOrg|Any CPU
		{247B4F95-3086-473A-B9B7-4F49BEC54DDB}.Release|Any CPU.ActiveCfg = Release|Any CPU
		{247B4F95-3086-473A-B9B7-4F49BEC54DDB}.Release|Any CPU.Build.0 = Release|Any CPU
		{247B4F95-3086-473A-B9B7-4F49BEC54DDB}.Release|Mixed Platforms.ActiveCfg = Release|Any CPU
		{247B4F95-3086-473A-B9B7-4F49BEC54DDB}.Release|Mixed Platforms.Build.0 = Release|Any CPU
		{247B4F95-3086-473A-B9B7-4F49BEC54DDB}.Release|x86.ActiveCfg = Release|Any CPU
		{247B4F95-3086-473A-B9B7-4F49BEC54DDB}.Release|x86.Build.0 = Release|Any CPU
		{247B4F95-3086-473A-B9B7-4F49BEC54DDB}.test_release|Any CPU.ActiveCfg = test_release|Any CPU
		{247B4F95-3086-473A-B9B7-4F49BEC54DDB}.test_release|Any CPU.Build.0 = test_release|Any CPU
		{247B4F95-3086-473A-B9B7-4F49BEC54DDB}.test_release|Mixed Platforms.ActiveCfg = test_release|Any CPU
		{247B4F95-3086-473A-B9B7-4F49BEC54DDB}.test_release|Mixed Platforms.Build.0 = test_release|Any CPU
		{247B4F95-3086-473A-B9B7-4F49BEC54DDB}.test_release|x86.ActiveCfg = test_release|Any CPU
		{247B4F95-3086-473A-B9B7-4F49BEC54DDB}.test_release|x86.Build.0 = test_release|Any CPU
		{93D484A0-9606-4ADF-BE77-CBD12D100750}._Temp|Any CPU.ActiveCfg = Release|Any CPU
		{93D484A0-9606-4ADF-BE77-CBD12D100750}._Temp|Any CPU.Build.0 = Release|Any CPU
		{93D484A0-9606-4ADF-BE77-CBD12D100750}._Temp|Mixed Platforms.ActiveCfg = Release|Any CPU
		{93D484A0-9606-4ADF-BE77-CBD12D100750}._Temp|Mixed Platforms.Build.0 = Release|Any CPU
		{93D484A0-9606-4ADF-BE77-CBD12D100750}._Temp|x86.ActiveCfg = Release|Any CPU
		{93D484A0-9606-4ADF-BE77-CBD12D100750}._Temp|x86.Build.0 = Release|Any CPU
		{93D484A0-9606-4ADF-BE77-CBD12D100750}.Debug|Any CPU.ActiveCfg = Debug|Any CPU
		{93D484A0-9606-4ADF-BE77-CBD12D100750}.Debug|Any CPU.Build.0 = Debug|Any CPU
		{93D484A0-9606-4ADF-BE77-CBD12D100750}.Debug|Mixed Platforms.ActiveCfg = Debug|Any CPU
		{93D484A0-9606-4ADF-BE77-CBD12D100750}.Debug|Mixed Platforms.Build.0 = Debug|Any CPU
		{93D484A0-9606-4ADF-BE77-CBD12D100750}.Debug|x86.ActiveCfg = Debug|Any CPU
		{93D484A0-9606-4ADF-BE77-CBD12D100750}.Debug|x86.Build.0 = Debug|Any CPU
		{93D484A0-9606-4ADF-BE77-CBD12D100750}.debug2pub|Any CPU.ActiveCfg = debug2pub|Any CPU
		{93D484A0-9606-4ADF-BE77-CBD12D100750}.debug2pub|Any CPU.Build.0 = debug2pub|Any CPU
		{93D484A0-9606-4ADF-BE77-CBD12D100750}.debug2pub|Mixed Platforms.ActiveCfg = debug2pub|Any CPU
		{93D484A0-9606-4ADF-BE77-CBD12D100750}.debug2pub|Mixed Platforms.Build.0 = debug2pub|Any CPU
		{93D484A0-9606-4ADF-BE77-CBD12D100750}.debug2pub|x86.ActiveCfg = debug2pub|Any CPU
		{93D484A0-9606-4ADF-BE77-CBD12D100750}.debug2pub|x86.Build.0 = debug2pub|Any CPU
		{93D484A0-9606-4ADF-BE77-CBD12D100750}.hbue__deptS_ccpOrg___release|Any CPU.ActiveCfg = hbue__deptS_ccpOrg___release|Any CPU
		{93D484A0-9606-4ADF-BE77-CBD12D100750}.hbue__deptS_ccpOrg___release|Any CPU.Build.0 = hbue__deptS_ccpOrg___release|Any CPU
		{93D484A0-9606-4ADF-BE77-CBD12D100750}.hbue__deptS_ccpOrg___release|Mixed Platforms.ActiveCfg = hbue__deptS_ccpOrg___release|Any CPU
		{93D484A0-9606-4ADF-BE77-CBD12D100750}.hbue__deptS_ccpOrg___release|Mixed Platforms.Build.0 = hbue__deptS_ccpOrg___release|Any CPU
		{93D484A0-9606-4ADF-BE77-CBD12D100750}.hbue__deptS_ccpOrg___release|x86.ActiveCfg = hbue__deptS_ccpOrg___release|Any CPU
		{93D484A0-9606-4ADF-BE77-CBD12D100750}.hbue__deptS_ccpOrg___release|x86.Build.0 = hbue__deptS_ccpOrg___release|Any CPU
		{93D484A0-9606-4ADF-BE77-CBD12D100750}.hbue__deptS_ccpOrg|Any CPU.ActiveCfg = hbue__deptS_ccpOrg|Any CPU
		{93D484A0-9606-4ADF-BE77-CBD12D100750}.hbue__deptS_ccpOrg|Any CPU.Build.0 = hbue__deptS_ccpOrg|Any CPU
		{93D484A0-9606-4ADF-BE77-CBD12D100750}.hbue__deptS_ccpOrg|Mixed Platforms.ActiveCfg = hbue__deptS_ccpOrg|Any CPU
		{93D484A0-9606-4ADF-BE77-CBD12D100750}.hbue__deptS_ccpOrg|Mixed Platforms.Build.0 = hbue__deptS_ccpOrg|Any CPU
		{93D484A0-9606-4ADF-BE77-CBD12D100750}.hbue__deptS_ccpOrg|x86.ActiveCfg = hbue__deptS_ccpOrg|Any CPU
		{93D484A0-9606-4ADF-BE77-CBD12D100750}.hbue__deptS_ccpOrg|x86.Build.0 = hbue__deptS_ccpOrg|Any CPU
		{93D484A0-9606-4ADF-BE77-CBD12D100750}.Release|Any CPU.ActiveCfg = Release|Any CPU
		{93D484A0-9606-4ADF-BE77-CBD12D100750}.Release|Any CPU.Build.0 = Release|Any CPU
		{93D484A0-9606-4ADF-BE77-CBD12D100750}.Release|Mixed Platforms.ActiveCfg = Release|Any CPU
		{93D484A0-9606-4ADF-BE77-CBD12D100750}.Release|Mixed Platforms.Build.0 = Release|Any CPU
		{93D484A0-9606-4ADF-BE77-CBD12D100750}.Release|x86.ActiveCfg = Release|Any CPU
		{93D484A0-9606-4ADF-BE77-CBD12D100750}.Release|x86.Build.0 = Release|Any CPU
		{93D484A0-9606-4ADF-BE77-CBD12D100750}.test_release|Any CPU.ActiveCfg = test_release|Any CPU
		{93D484A0-9606-4ADF-BE77-CBD12D100750}.test_release|Any CPU.Build.0 = test_release|Any CPU
		{93D484A0-9606-4ADF-BE77-CBD12D100750}.test_release|Mixed Platforms.ActiveCfg = test_release|Any CPU
		{93D484A0-9606-4ADF-BE77-CBD12D100750}.test_release|Mixed Platforms.Build.0 = test_release|Any CPU
		{93D484A0-9606-4ADF-BE77-CBD12D100750}.test_release|x86.ActiveCfg = test_release|Any CPU
		{93D484A0-9606-4ADF-BE77-CBD12D100750}.test_release|x86.Build.0 = test_release|Any CPU
		{E4CB3898-6398-4834-B0EE-443C449DDE8D}._Temp|Any CPU.ActiveCfg = Release|Any CPU
		{E4CB3898-6398-4834-B0EE-443C449DDE8D}._Temp|Any CPU.Build.0 = Release|Any CPU
		{E4CB3898-6398-4834-B0EE-443C449DDE8D}._Temp|Mixed Platforms.ActiveCfg = Release|Any CPU
		{E4CB3898-6398-4834-B0EE-443C449DDE8D}._Temp|Mixed Platforms.Build.0 = Release|Any CPU
		{E4CB3898-6398-4834-B0EE-443C449DDE8D}._Temp|x86.ActiveCfg = Release|Any CPU
		{E4CB3898-6398-4834-B0EE-443C449DDE8D}._Temp|x86.Build.0 = Release|Any CPU
		{E4CB3898-6398-4834-B0EE-443C449DDE8D}.Debug|Any CPU.ActiveCfg = Debug|Any CPU
		{E4CB3898-6398-4834-B0EE-443C449DDE8D}.Debug|Any CPU.Build.0 = Debug|Any CPU
		{E4CB3898-6398-4834-B0EE-443C449DDE8D}.Debug|Mixed Platforms.ActiveCfg = Debug|Any CPU
		{E4CB3898-6398-4834-B0EE-443C449DDE8D}.Debug|Mixed Platforms.Build.0 = Debug|Any CPU
		{E4CB3898-6398-4834-B0EE-443C449DDE8D}.Debug|x86.ActiveCfg = Debug|Any CPU
		{E4CB3898-6398-4834-B0EE-443C449DDE8D}.Debug|x86.Build.0 = Debug|Any CPU
		{E4CB3898-6398-4834-B0EE-443C449DDE8D}.debug2pub|Any CPU.ActiveCfg = Debug|Any CPU
		{E4CB3898-6398-4834-B0EE-443C449DDE8D}.debug2pub|Any CPU.Build.0 = Debug|Any CPU
		{E4CB3898-6398-4834-B0EE-443C449DDE8D}.debug2pub|Mixed Platforms.ActiveCfg = Debug|Any CPU
		{E4CB3898-6398-4834-B0EE-443C449DDE8D}.debug2pub|Mixed Platforms.Build.0 = Debug|Any CPU
		{E4CB3898-6398-4834-B0EE-443C449DDE8D}.debug2pub|x86.ActiveCfg = Debug|Any CPU
		{E4CB3898-6398-4834-B0EE-443C449DDE8D}.debug2pub|x86.Build.0 = Debug|Any CPU
		{E4CB3898-6398-4834-B0EE-443C449DDE8D}.hbue__deptS_ccpOrg___release|Any CPU.ActiveCfg = Release|Any CPU
		{E4CB3898-6398-4834-B0EE-443C449DDE8D}.hbue__deptS_ccpOrg___release|Any CPU.Build.0 = Release|Any CPU
		{E4CB3898-6398-4834-B0EE-443C449DDE8D}.hbue__deptS_ccpOrg___release|Mixed Platforms.ActiveCfg = Release|Any CPU
		{E4CB3898-6398-4834-B0EE-443C449DDE8D}.hbue__deptS_ccpOrg___release|Mixed Platforms.Build.0 = Release|Any CPU
		{E4CB3898-6398-4834-B0EE-443C449DDE8D}.hbue__deptS_ccpOrg___release|x86.ActiveCfg = Release|Any CPU
		{E4CB3898-6398-4834-B0EE-443C449DDE8D}.hbue__deptS_ccpOrg___release|x86.Build.0 = Release|Any CPU
		{E4CB3898-6398-4834-B0EE-443C449DDE8D}.hbue__deptS_ccpOrg|Any CPU.ActiveCfg = Release|Any CPU
		{E4CB3898-6398-4834-B0EE-443C449DDE8D}.hbue__deptS_ccpOrg|Any CPU.Build.0 = Release|Any CPU
		{E4CB3898-6398-4834-B0EE-443C449DDE8D}.hbue__deptS_ccpOrg|Mixed Platforms.ActiveCfg = Release|Any CPU
		{E4CB3898-6398-4834-B0EE-443C449DDE8D}.hbue__deptS_ccpOrg|Mixed Platforms.Build.0 = Release|Any CPU
		{E4CB3898-6398-4834-B0EE-443C449DDE8D}.hbue__deptS_ccpOrg|x86.ActiveCfg = Release|Any CPU
		{E4CB3898-6398-4834-B0EE-443C449DDE8D}.hbue__deptS_ccpOrg|x86.Build.0 = Release|Any CPU
		{E4CB3898-6398-4834-B0EE-443C449DDE8D}.Release|Any CPU.ActiveCfg = Release|Any CPU
		{E4CB3898-6398-4834-B0EE-443C449DDE8D}.Release|Any CPU.Build.0 = Release|Any CPU
		{E4CB3898-6398-4834-B0EE-443C449DDE8D}.Release|Mixed Platforms.ActiveCfg = Release|Any CPU
		{E4CB3898-6398-4834-B0EE-443C449DDE8D}.Release|Mixed Platforms.Build.0 = Release|Any CPU
		{E4CB3898-6398-4834-B0EE-443C449DDE8D}.Release|x86.ActiveCfg = Release|Any CPU
		{E4CB3898-6398-4834-B0EE-443C449DDE8D}.Release|x86.Build.0 = Release|Any CPU
		{E4CB3898-6398-4834-B0EE-443C449DDE8D}.test_release|Any CPU.ActiveCfg = Release|Any CPU
		{E4CB3898-6398-4834-B0EE-443C449DDE8D}.test_release|Any CPU.Build.0 = Release|Any CPU
		{E4CB3898-6398-4834-B0EE-443C449DDE8D}.test_release|Mixed Platforms.ActiveCfg = Release|Any CPU
		{E4CB3898-6398-4834-B0EE-443C449DDE8D}.test_release|Mixed Platforms.Build.0 = Release|Any CPU
		{E4CB3898-6398-4834-B0EE-443C449DDE8D}.test_release|x86.ActiveCfg = Release|Any CPU
		{E4CB3898-6398-4834-B0EE-443C449DDE8D}.test_release|x86.Build.0 = Release|Any CPU
		{6C7EC494-DECF-481D-889D-93361E682A02}._Temp|Any CPU.ActiveCfg = debug2pub|Any CPU
		{6C7EC494-DECF-481D-889D-93361E682A02}._Temp|Any CPU.Build.0 = debug2pub|Any CPU
		{6C7EC494-DECF-481D-889D-93361E682A02}._Temp|Mixed Platforms.ActiveCfg = debug2pub|Any CPU
		{6C7EC494-DECF-481D-889D-93361E682A02}._Temp|Mixed Platforms.Build.0 = debug2pub|Any CPU
		{6C7EC494-DECF-481D-889D-93361E682A02}._Temp|x86.ActiveCfg = debug2pub|Any CPU
		{6C7EC494-DECF-481D-889D-93361E682A02}._Temp|x86.Build.0 = debug2pub|Any CPU
		{6C7EC494-DECF-481D-889D-93361E682A02}.Debug|Any CPU.ActiveCfg = Debug|Any CPU
		{6C7EC494-DECF-481D-889D-93361E682A02}.Debug|Any CPU.Build.0 = Debug|Any CPU
		{6C7EC494-DECF-481D-889D-93361E682A02}.Debug|Mixed Platforms.ActiveCfg = Debug|Any CPU
		{6C7EC494-DECF-481D-889D-93361E682A02}.Debug|Mixed Platforms.Build.0 = Debug|Any CPU
		{6C7EC494-DECF-481D-889D-93361E682A02}.Debug|x86.ActiveCfg = Debug|Any CPU
		{6C7EC494-DECF-481D-889D-93361E682A02}.Debug|x86.Build.0 = Debug|Any CPU
		{6C7EC494-DECF-481D-889D-93361E682A02}.debug2pub|Any CPU.ActiveCfg = debug2pub|Any CPU
		{6C7EC494-DECF-481D-889D-93361E682A02}.debug2pub|Any CPU.Build.0 = debug2pub|Any CPU
		{6C7EC494-DECF-481D-889D-93361E682A02}.debug2pub|Mixed Platforms.ActiveCfg = debug2pub|Any CPU
		{6C7EC494-DECF-481D-889D-93361E682A02}.debug2pub|Mixed Platforms.Build.0 = debug2pub|Any CPU
		{6C7EC494-DECF-481D-889D-93361E682A02}.debug2pub|x86.ActiveCfg = debug2pub|Any CPU
		{6C7EC494-DECF-481D-889D-93361E682A02}.debug2pub|x86.Build.0 = debug2pub|Any CPU
		{6C7EC494-DECF-481D-889D-93361E682A02}.hbue__deptS_ccpOrg___release|Any CPU.ActiveCfg = hbue__deptS_ccpOrg___release|Any CPU
		{6C7EC494-DECF-481D-889D-93361E682A02}.hbue__deptS_ccpOrg___release|Any CPU.Build.0 = hbue__deptS_ccpOrg___release|Any CPU
		{6C7EC494-DECF-481D-889D-93361E682A02}.hbue__deptS_ccpOrg___release|Mixed Platforms.ActiveCfg = hbue__deptS_ccpOrg___release|Any CPU
		{6C7EC494-DECF-481D-889D-93361E682A02}.hbue__deptS_ccpOrg___release|Mixed Platforms.Build.0 = hbue__deptS_ccpOrg___release|Any CPU
		{6C7EC494-DECF-481D-889D-93361E682A02}.hbue__deptS_ccpOrg___release|x86.ActiveCfg = hbue__deptS_ccpOrg___release|Any CPU
		{6C7EC494-DECF-481D-889D-93361E682A02}.hbue__deptS_ccpOrg___release|x86.Build.0 = hbue__deptS_ccpOrg___release|Any CPU
		{6C7EC494-DECF-481D-889D-93361E682A02}.hbue__deptS_ccpOrg|Any CPU.ActiveCfg = hbue__deptS_ccpOrg|Any CPU
		{6C7EC494-DECF-481D-889D-93361E682A02}.hbue__deptS_ccpOrg|Any CPU.Build.0 = hbue__deptS_ccpOrg|Any CPU
		{6C7EC494-DECF-481D-889D-93361E682A02}.hbue__deptS_ccpOrg|Mixed Platforms.ActiveCfg = hbue__deptS_ccpOrg|Any CPU
		{6C7EC494-DECF-481D-889D-93361E682A02}.hbue__deptS_ccpOrg|Mixed Platforms.Build.0 = hbue__deptS_ccpOrg|Any CPU
		{6C7EC494-DECF-481D-889D-93361E682A02}.hbue__deptS_ccpOrg|x86.ActiveCfg = hbue__deptS_ccpOrg|Any CPU
		{6C7EC494-DECF-481D-889D-93361E682A02}.hbue__deptS_ccpOrg|x86.Build.0 = hbue__deptS_ccpOrg|Any CPU
		{6C7EC494-DECF-481D-889D-93361E682A02}.Release|Any CPU.ActiveCfg = Release|Any CPU
		{6C7EC494-DECF-481D-889D-93361E682A02}.Release|Any CPU.Build.0 = Release|Any CPU
		{6C7EC494-DECF-481D-889D-93361E682A02}.Release|Mixed Platforms.ActiveCfg = Release|Any CPU
		{6C7EC494-DECF-481D-889D-93361E682A02}.Release|Mixed Platforms.Build.0 = Release|Any CPU
		{6C7EC494-DECF-481D-889D-93361E682A02}.Release|x86.ActiveCfg = Release|Any CPU
		{6C7EC494-DECF-481D-889D-93361E682A02}.Release|x86.Build.0 = Release|Any CPU
		{6C7EC494-DECF-481D-889D-93361E682A02}.test_release|Any CPU.ActiveCfg = test_release|Any CPU
		{6C7EC494-DECF-481D-889D-93361E682A02}.test_release|Any CPU.Build.0 = test_release|Any CPU
		{6C7EC494-DECF-481D-889D-93361E682A02}.test_release|Mixed Platforms.ActiveCfg = test_release|Any CPU
		{6C7EC494-DECF-481D-889D-93361E682A02}.test_release|Mixed Platforms.Build.0 = test_release|Any CPU
		{6C7EC494-DECF-481D-889D-93361E682A02}.test_release|x86.ActiveCfg = test_release|Any CPU
		{6C7EC494-DECF-481D-889D-93361E682A02}.test_release|x86.Build.0 = test_release|Any CPU
		{04F7924B-1268-4514-B3B7-EE563C7A8E15}._Temp|Any CPU.ActiveCfg = _Temp|Any CPU
		{04F7924B-1268-4514-B3B7-EE563C7A8E15}._Temp|Any CPU.Build.0 = _Temp|Any CPU
		{04F7924B-1268-4514-B3B7-EE563C7A8E15}._Temp|Mixed Platforms.ActiveCfg = _Temp|Any CPU
		{04F7924B-1268-4514-B3B7-EE563C7A8E15}._Temp|Mixed Platforms.Build.0 = _Temp|Any CPU
		{04F7924B-1268-4514-B3B7-EE563C7A8E15}._Temp|x86.ActiveCfg = _Temp|Any CPU
		{04F7924B-1268-4514-B3B7-EE563C7A8E15}._Temp|x86.Build.0 = _Temp|Any CPU
		{04F7924B-1268-4514-B3B7-EE563C7A8E15}.Debug|Any CPU.ActiveCfg = Debug|Any CPU
		{04F7924B-1268-4514-B3B7-EE563C7A8E15}.Debug|Any CPU.Build.0 = Debug|Any CPU
		{04F7924B-1268-4514-B3B7-EE563C7A8E15}.Debug|Mixed Platforms.ActiveCfg = Debug|Any CPU
		{04F7924B-1268-4514-B3B7-EE563C7A8E15}.Debug|Mixed Platforms.Build.0 = Debug|Any CPU
		{04F7924B-1268-4514-B3B7-EE563C7A8E15}.Debug|x86.ActiveCfg = Debug|Any CPU
		{04F7924B-1268-4514-B3B7-EE563C7A8E15}.Debug|x86.Build.0 = Debug|Any CPU
		{04F7924B-1268-4514-B3B7-EE563C7A8E15}.debug2pub|Any CPU.ActiveCfg = Debug|Any CPU
		{04F7924B-1268-4514-B3B7-EE563C7A8E15}.debug2pub|Any CPU.Build.0 = Debug|Any CPU
		{04F7924B-1268-4514-B3B7-EE563C7A8E15}.debug2pub|Mixed Platforms.ActiveCfg = Debug|Any CPU
		{04F7924B-1268-4514-B3B7-EE563C7A8E15}.debug2pub|Mixed Platforms.Build.0 = Debug|Any CPU
		{04F7924B-1268-4514-B3B7-EE563C7A8E15}.debug2pub|x86.ActiveCfg = Debug|Any CPU
		{04F7924B-1268-4514-B3B7-EE563C7A8E15}.debug2pub|x86.Build.0 = Debug|Any CPU
		{04F7924B-1268-4514-B3B7-EE563C7A8E15}.hbue__deptS_ccpOrg___release|Any CPU.ActiveCfg = _Temp|Any CPU
		{04F7924B-1268-4514-B3B7-EE563C7A8E15}.hbue__deptS_ccpOrg___release|Any CPU.Build.0 = _Temp|Any CPU
		{04F7924B-1268-4514-B3B7-EE563C7A8E15}.hbue__deptS_ccpOrg___release|Mixed Platforms.ActiveCfg = _Temp|Any CPU
		{04F7924B-1268-4514-B3B7-EE563C7A8E15}.hbue__deptS_ccpOrg___release|Mixed Platforms.Build.0 = _Temp|Any CPU
		{04F7924B-1268-4514-B3B7-EE563C7A8E15}.hbue__deptS_ccpOrg___release|x86.ActiveCfg = _Temp|Any CPU
		{04F7924B-1268-4514-B3B7-EE563C7A8E15}.hbue__deptS_ccpOrg___release|x86.Build.0 = _Temp|Any CPU
		{04F7924B-1268-4514-B3B7-EE563C7A8E15}.hbue__deptS_ccpOrg|Any CPU.ActiveCfg = _Temp|Any CPU
		{04F7924B-1268-4514-B3B7-EE563C7A8E15}.hbue__deptS_ccpOrg|Any CPU.Build.0 = _Temp|Any CPU
		{04F7924B-1268-4514-B3B7-EE563C7A8E15}.hbue__deptS_ccpOrg|Mixed Platforms.ActiveCfg = _Temp|Any CPU
		{04F7924B-1268-4514-B3B7-EE563C7A8E15}.hbue__deptS_ccpOrg|Mixed Platforms.Build.0 = _Temp|Any CPU
		{04F7924B-1268-4514-B3B7-EE563C7A8E15}.hbue__deptS_ccpOrg|x86.ActiveCfg = _Temp|Any CPU
		{04F7924B-1268-4514-B3B7-EE563C7A8E15}.hbue__deptS_ccpOrg|x86.Build.0 = _Temp|Any CPU
		{04F7924B-1268-4514-B3B7-EE563C7A8E15}.Release|Any CPU.ActiveCfg = Release|Any CPU
		{04F7924B-1268-4514-B3B7-EE563C7A8E15}.Release|Any CPU.Build.0 = Release|Any CPU
		{04F7924B-1268-4514-B3B7-EE563C7A8E15}.Release|Mixed Platforms.ActiveCfg = Release|Any CPU
		{04F7924B-1268-4514-B3B7-EE563C7A8E15}.Release|Mixed Platforms.Build.0 = Release|Any CPU
		{04F7924B-1268-4514-B3B7-EE563C7A8E15}.Release|x86.ActiveCfg = Release|Any CPU
		{04F7924B-1268-4514-B3B7-EE563C7A8E15}.Release|x86.Build.0 = Release|Any CPU
		{04F7924B-1268-4514-B3B7-EE563C7A8E15}.test_release|Any CPU.ActiveCfg = _Temp|Any CPU
		{04F7924B-1268-4514-B3B7-EE563C7A8E15}.test_release|Any CPU.Build.0 = _Temp|Any CPU
		{04F7924B-1268-4514-B3B7-EE563C7A8E15}.test_release|Mixed Platforms.ActiveCfg = _Temp|Any CPU
		{04F7924B-1268-4514-B3B7-EE563C7A8E15}.test_release|Mixed Platforms.Build.0 = _Temp|Any CPU
		{04F7924B-1268-4514-B3B7-EE563C7A8E15}.test_release|x86.ActiveCfg = _Temp|Any CPU
		{04F7924B-1268-4514-B3B7-EE563C7A8E15}.test_release|x86.Build.0 = _Temp|Any CPU
		{AE93BE80-743C-4AA7-AE6D-B94EF6FFF4E6}._Temp|Any CPU.ActiveCfg = _Temp|Any CPU
		{AE93BE80-743C-4AA7-AE6D-B94EF6FFF4E6}._Temp|Any CPU.Build.0 = _Temp|Any CPU
		{AE93BE80-743C-4AA7-AE6D-B94EF6FFF4E6}._Temp|Mixed Platforms.ActiveCfg = _Temp|Any CPU
		{AE93BE80-743C-4AA7-AE6D-B94EF6FFF4E6}._Temp|Mixed Platforms.Build.0 = _Temp|Any CPU
		{AE93BE80-743C-4AA7-AE6D-B94EF6FFF4E6}._Temp|x86.ActiveCfg = _Temp|Any CPU
		{AE93BE80-743C-4AA7-AE6D-B94EF6FFF4E6}._Temp|x86.Build.0 = _Temp|Any CPU
		{AE93BE80-743C-4AA7-AE6D-B94EF6FFF4E6}.Debug|Any CPU.ActiveCfg = Debug|Any CPU
		{AE93BE80-743C-4AA7-AE6D-B94EF6FFF4E6}.Debug|Any CPU.Build.0 = Debug|Any CPU
		{AE93BE80-743C-4AA7-AE6D-B94EF6FFF4E6}.Debug|Mixed Platforms.ActiveCfg = Debug|Any CPU
		{AE93BE80-743C-4AA7-AE6D-B94EF6FFF4E6}.Debug|Mixed Platforms.Build.0 = Debug|Any CPU
		{AE93BE80-743C-4AA7-AE6D-B94EF6FFF4E6}.Debug|x86.ActiveCfg = Debug|Any CPU
		{AE93BE80-743C-4AA7-AE6D-B94EF6FFF4E6}.Debug|x86.Build.0 = Debug|Any CPU
		{AE93BE80-743C-4AA7-AE6D-B94EF6FFF4E6}.debug2pub|Any CPU.ActiveCfg = Debug|Any CPU
		{AE93BE80-743C-4AA7-AE6D-B94EF6FFF4E6}.debug2pub|Any CPU.Build.0 = Debug|Any CPU
		{AE93BE80-743C-4AA7-AE6D-B94EF6FFF4E6}.debug2pub|Mixed Platforms.ActiveCfg = Debug|Any CPU
		{AE93BE80-743C-4AA7-AE6D-B94EF6FFF4E6}.debug2pub|Mixed Platforms.Build.0 = Debug|Any CPU
		{AE93BE80-743C-4AA7-AE6D-B94EF6FFF4E6}.debug2pub|x86.ActiveCfg = Debug|Any CPU
		{AE93BE80-743C-4AA7-AE6D-B94EF6FFF4E6}.debug2pub|x86.Build.0 = Debug|Any CPU
		{AE93BE80-743C-4AA7-AE6D-B94EF6FFF4E6}.hbue__deptS_ccpOrg___release|Any CPU.ActiveCfg = _Temp|Any CPU
		{AE93BE80-743C-4AA7-AE6D-B94EF6FFF4E6}.hbue__deptS_ccpOrg___release|Any CPU.Build.0 = _Temp|Any CPU
		{AE93BE80-743C-4AA7-AE6D-B94EF6FFF4E6}.hbue__deptS_ccpOrg___release|Mixed Platforms.ActiveCfg = _Temp|Any CPU
		{AE93BE80-743C-4AA7-AE6D-B94EF6FFF4E6}.hbue__deptS_ccpOrg___release|Mixed Platforms.Build.0 = _Temp|Any CPU
		{AE93BE80-743C-4AA7-AE6D-B94EF6FFF4E6}.hbue__deptS_ccpOrg___release|x86.ActiveCfg = _Temp|Any CPU
		{AE93BE80-743C-4AA7-AE6D-B94EF6FFF4E6}.hbue__deptS_ccpOrg___release|x86.Build.0 = _Temp|Any CPU
		{AE93BE80-743C-4AA7-AE6D-B94EF6FFF4E6}.hbue__deptS_ccpOrg|Any CPU.ActiveCfg = _Temp|Any CPU
		{AE93BE80-743C-4AA7-AE6D-B94EF6FFF4E6}.hbue__deptS_ccpOrg|Any CPU.Build.0 = _Temp|Any CPU
		{AE93BE80-743C-4AA7-AE6D-B94EF6FFF4E6}.hbue__deptS_ccpOrg|Mixed Platforms.ActiveCfg = _Temp|Any CPU
		{AE93BE80-743C-4AA7-AE6D-B94EF6FFF4E6}.hbue__deptS_ccpOrg|Mixed Platforms.Build.0 = _Temp|Any CPU
		{AE93BE80-743C-4AA7-AE6D-B94EF6FFF4E6}.hbue__deptS_ccpOrg|x86.ActiveCfg = _Temp|Any CPU
		{AE93BE80-743C-4AA7-AE6D-B94EF6FFF4E6}.hbue__deptS_ccpOrg|x86.Build.0 = _Temp|Any CPU
		{AE93BE80-743C-4AA7-AE6D-B94EF6FFF4E6}.Release|Any CPU.ActiveCfg = Release|Any CPU
		{AE93BE80-743C-4AA7-AE6D-B94EF6FFF4E6}.Release|Any CPU.Build.0 = Release|Any CPU
		{AE93BE80-743C-4AA7-AE6D-B94EF6FFF4E6}.Release|Mixed Platforms.ActiveCfg = Release|Any CPU
		{AE93BE80-743C-4AA7-AE6D-B94EF6FFF4E6}.Release|Mixed Platforms.Build.0 = Release|Any CPU
		{AE93BE80-743C-4AA7-AE6D-B94EF6FFF4E6}.Release|x86.ActiveCfg = Release|Any CPU
		{AE93BE80-743C-4AA7-AE6D-B94EF6FFF4E6}.Release|x86.Build.0 = Release|Any CPU
		{AE93BE80-743C-4AA7-AE6D-B94EF6FFF4E6}.test_release|Any CPU.ActiveCfg = _Temp|Any CPU
		{AE93BE80-743C-4AA7-AE6D-B94EF6FFF4E6}.test_release|Any CPU.Build.0 = _Temp|Any CPU
		{AE93BE80-743C-4AA7-AE6D-B94EF6FFF4E6}.test_release|Mixed Platforms.ActiveCfg = _Temp|Any CPU
		{AE93BE80-743C-4AA7-AE6D-B94EF6FFF4E6}.test_release|Mixed Platforms.Build.0 = _Temp|Any CPU
		{AE93BE80-743C-4AA7-AE6D-B94EF6FFF4E6}.test_release|x86.ActiveCfg = _Temp|Any CPU
		{AE93BE80-743C-4AA7-AE6D-B94EF6FFF4E6}.test_release|x86.Build.0 = _Temp|Any CPU
		{109C1344-5BEA-4E1A-B662-2C7FE60AC428}._Temp|Any CPU.ActiveCfg = _Temp|Any CPU
		{109C1344-5BEA-4E1A-B662-2C7FE60AC428}._Temp|Any CPU.Build.0 = _Temp|Any CPU
		{109C1344-5BEA-4E1A-B662-2C7FE60AC428}._Temp|Mixed Platforms.ActiveCfg = _Temp|Any CPU
		{109C1344-5BEA-4E1A-B662-2C7FE60AC428}._Temp|Mixed Platforms.Build.0 = _Temp|Any CPU
		{109C1344-5BEA-4E1A-B662-2C7FE60AC428}._Temp|x86.ActiveCfg = _Temp|Any CPU
		{109C1344-5BEA-4E1A-B662-2C7FE60AC428}.Debug|Any CPU.ActiveCfg = Debug|Any CPU
		{109C1344-5BEA-4E1A-B662-2C7FE60AC428}.Debug|Any CPU.Build.0 = Debug|Any CPU
		{109C1344-5BEA-4E1A-B662-2C7FE60AC428}.Debug|Mixed Platforms.ActiveCfg = Debug|Any CPU
		{109C1344-5BEA-4E1A-B662-2C7FE60AC428}.Debug|Mixed Platforms.Build.0 = Debug|Any CPU
		{109C1344-5BEA-4E1A-B662-2C7FE60AC428}.Debug|x86.ActiveCfg = Debug|Any CPU
		{109C1344-5BEA-4E1A-B662-2C7FE60AC428}.debug2pub|Any CPU.ActiveCfg = debug2pub|Any CPU
		{109C1344-5BEA-4E1A-B662-2C7FE60AC428}.debug2pub|Any CPU.Build.0 = debug2pub|Any CPU
		{109C1344-5BEA-4E1A-B662-2C7FE60AC428}.debug2pub|Mixed Platforms.ActiveCfg = debug2pub|Any CPU
		{109C1344-5BEA-4E1A-B662-2C7FE60AC428}.debug2pub|Mixed Platforms.Build.0 = debug2pub|Any CPU
		{109C1344-5BEA-4E1A-B662-2C7FE60AC428}.debug2pub|x86.ActiveCfg = debug2pub|Any CPU
		{109C1344-5BEA-4E1A-B662-2C7FE60AC428}.debug2pub|x86.Build.0 = debug2pub|Any CPU
		{109C1344-5BEA-4E1A-B662-2C7FE60AC428}.hbue__deptS_ccpOrg___release|Any CPU.ActiveCfg = hbue__deptS_ccpOrg___release|Any CPU
		{109C1344-5BEA-4E1A-B662-2C7FE60AC428}.hbue__deptS_ccpOrg___release|Any CPU.Build.0 = hbue__deptS_ccpOrg___release|Any CPU
		{109C1344-5BEA-4E1A-B662-2C7FE60AC428}.hbue__deptS_ccpOrg___release|Mixed Platforms.ActiveCfg = hbue__deptS_ccpOrg___release|Any CPU
		{109C1344-5BEA-4E1A-B662-2C7FE60AC428}.hbue__deptS_ccpOrg___release|Mixed Platforms.Build.0 = hbue__deptS_ccpOrg___release|Any CPU
		{109C1344-5BEA-4E1A-B662-2C7FE60AC428}.hbue__deptS_ccpOrg___release|x86.ActiveCfg = hbue__deptS_ccpOrg___release|Any CPU
		{109C1344-5BEA-4E1A-B662-2C7FE60AC428}.hbue__deptS_ccpOrg___release|x86.Build.0 = hbue__deptS_ccpOrg___release|Any CPU
		{109C1344-5BEA-4E1A-B662-2C7FE60AC428}.hbue__deptS_ccpOrg|Any CPU.ActiveCfg = hbue__deptS_ccpOrg|Any CPU
		{109C1344-5BEA-4E1A-B662-2C7FE60AC428}.hbue__deptS_ccpOrg|Any CPU.Build.0 = hbue__deptS_ccpOrg|Any CPU
		{109C1344-5BEA-4E1A-B662-2C7FE60AC428}.hbue__deptS_ccpOrg|Mixed Platforms.ActiveCfg = hbue__deptS_ccpOrg|Any CPU
		{109C1344-5BEA-4E1A-B662-2C7FE60AC428}.hbue__deptS_ccpOrg|Mixed Platforms.Build.0 = hbue__deptS_ccpOrg|Any CPU
		{109C1344-5BEA-4E1A-B662-2C7FE60AC428}.hbue__deptS_ccpOrg|x86.ActiveCfg = hbue__deptS_ccpOrg|Any CPU
		{109C1344-5BEA-4E1A-B662-2C7FE60AC428}.hbue__deptS_ccpOrg|x86.Build.0 = hbue__deptS_ccpOrg|Any CPU
		{109C1344-5BEA-4E1A-B662-2C7FE60AC428}.Release|Any CPU.ActiveCfg = Release|Any CPU
		{109C1344-5BEA-4E1A-B662-2C7FE60AC428}.Release|Any CPU.Build.0 = Release|Any CPU
		{109C1344-5BEA-4E1A-B662-2C7FE60AC428}.Release|Mixed Platforms.ActiveCfg = Release|Any CPU
		{109C1344-5BEA-4E1A-B662-2C7FE60AC428}.Release|Mixed Platforms.Build.0 = Release|Any CPU
		{109C1344-5BEA-4E1A-B662-2C7FE60AC428}.Release|x86.ActiveCfg = Release|Any CPU
		{109C1344-5BEA-4E1A-B662-2C7FE60AC428}.test_release|Any CPU.ActiveCfg = test_release|Any CPU
		{109C1344-5BEA-4E1A-B662-2C7FE60AC428}.test_release|Any CPU.Build.0 = test_release|Any CPU
		{109C1344-5BEA-4E1A-B662-2C7FE60AC428}.test_release|Mixed Platforms.ActiveCfg = test_release|Any CPU
		{109C1344-5BEA-4E1A-B662-2C7FE60AC428}.test_release|Mixed Platforms.Build.0 = test_release|Any CPU
		{109C1344-5BEA-4E1A-B662-2C7FE60AC428}.test_release|x86.ActiveCfg = test_release|Any CPU
		{109C1344-5BEA-4E1A-B662-2C7FE60AC428}.test_release|x86.Build.0 = test_release|Any CPU
		{5E26E2AC-7E26-4ECD-8DF9-B8806AA91257}._Temp|Any CPU.ActiveCfg = Release|Any CPU
		{5E26E2AC-7E26-4ECD-8DF9-B8806AA91257}._Temp|Any CPU.Build.0 = Release|Any CPU
		{5E26E2AC-7E26-4ECD-8DF9-B8806AA91257}._Temp|Mixed Platforms.ActiveCfg = Release|Any CPU
		{5E26E2AC-7E26-4ECD-8DF9-B8806AA91257}._Temp|Mixed Platforms.Build.0 = Release|Any CPU
		{5E26E2AC-7E26-4ECD-8DF9-B8806AA91257}._Temp|x86.ActiveCfg = Release|Any CPU
		{5E26E2AC-7E26-4ECD-8DF9-B8806AA91257}.Debug|Any CPU.ActiveCfg = Debug|Any CPU
		{5E26E2AC-7E26-4ECD-8DF9-B8806AA91257}.Debug|Any CPU.Build.0 = Debug|Any CPU
		{5E26E2AC-7E26-4ECD-8DF9-B8806AA91257}.Debug|Mixed Platforms.ActiveCfg = Debug|Any CPU
		{5E26E2AC-7E26-4ECD-8DF9-B8806AA91257}.Debug|Mixed Platforms.Build.0 = Debug|Any CPU
		{5E26E2AC-7E26-4ECD-8DF9-B8806AA91257}.Debug|x86.ActiveCfg = Debug|Any CPU
		{5E26E2AC-7E26-4ECD-8DF9-B8806AA91257}.debug2pub|Any CPU.ActiveCfg = Debug|Any CPU
		{5E26E2AC-7E26-4ECD-8DF9-B8806AA91257}.debug2pub|Any CPU.Build.0 = Debug|Any CPU
		{5E26E2AC-7E26-4ECD-8DF9-B8806AA91257}.debug2pub|Mixed Platforms.ActiveCfg = Debug|Any CPU
		{5E26E2AC-7E26-4ECD-8DF9-B8806AA91257}.debug2pub|Mixed Platforms.Build.0 = Debug|Any CPU
		{5E26E2AC-7E26-4ECD-8DF9-B8806AA91257}.debug2pub|x86.ActiveCfg = Debug|Any CPU
		{5E26E2AC-7E26-4ECD-8DF9-B8806AA91257}.debug2pub|x86.Build.0 = Debug|Any CPU
		{5E26E2AC-7E26-4ECD-8DF9-B8806AA91257}.hbue__deptS_ccpOrg___release|Any CPU.ActiveCfg = hbue__deptS_ccpOrg___release|Any CPU
		{5E26E2AC-7E26-4ECD-8DF9-B8806AA91257}.hbue__deptS_ccpOrg___release|Any CPU.Build.0 = hbue__deptS_ccpOrg___release|Any CPU
		{5E26E2AC-7E26-4ECD-8DF9-B8806AA91257}.hbue__deptS_ccpOrg___release|Mixed Platforms.ActiveCfg = hbue__deptS_ccpOrg___release|Any CPU
		{5E26E2AC-7E26-4ECD-8DF9-B8806AA91257}.hbue__deptS_ccpOrg___release|Mixed Platforms.Build.0 = hbue__deptS_ccpOrg___release|Any CPU
		{5E26E2AC-7E26-4ECD-8DF9-B8806AA91257}.hbue__deptS_ccpOrg___release|x86.ActiveCfg = hbue__deptS_ccpOrg___release|Any CPU
		{5E26E2AC-7E26-4ECD-8DF9-B8806AA91257}.hbue__deptS_ccpOrg___release|x86.Build.0 = hbue__deptS_ccpOrg___release|Any CPU
		{5E26E2AC-7E26-4ECD-8DF9-B8806AA91257}.hbue__deptS_ccpOrg|Any CPU.ActiveCfg = hbue__deptS_ccpOrg|Any CPU
		{5E26E2AC-7E26-4ECD-8DF9-B8806AA91257}.hbue__deptS_ccpOrg|Any CPU.Build.0 = hbue__deptS_ccpOrg|Any CPU
		{5E26E2AC-7E26-4ECD-8DF9-B8806AA91257}.hbue__deptS_ccpOrg|Mixed Platforms.ActiveCfg = hbue__deptS_ccpOrg|Any CPU
		{5E26E2AC-7E26-4ECD-8DF9-B8806AA91257}.hbue__deptS_ccpOrg|Mixed Platforms.Build.0 = hbue__deptS_ccpOrg|Any CPU
		{5E26E2AC-7E26-4ECD-8DF9-B8806AA91257}.hbue__deptS_ccpOrg|x86.ActiveCfg = hbue__deptS_ccpOrg|Any CPU
		{5E26E2AC-7E26-4ECD-8DF9-B8806AA91257}.hbue__deptS_ccpOrg|x86.Build.0 = hbue__deptS_ccpOrg|Any CPU
		{5E26E2AC-7E26-4ECD-8DF9-B8806AA91257}.Release|Any CPU.ActiveCfg = Release|Any CPU
		{5E26E2AC-7E26-4ECD-8DF9-B8806AA91257}.Release|Any CPU.Build.0 = Release|Any CPU
		{5E26E2AC-7E26-4ECD-8DF9-B8806AA91257}.Release|Mixed Platforms.ActiveCfg = Release|Any CPU
		{5E26E2AC-7E26-4ECD-8DF9-B8806AA91257}.Release|Mixed Platforms.Build.0 = Release|Any CPU
		{5E26E2AC-7E26-4ECD-8DF9-B8806AA91257}.Release|x86.ActiveCfg = Release|Any CPU
		{5E26E2AC-7E26-4ECD-8DF9-B8806AA91257}.test_release|Any CPU.ActiveCfg = test_release|Any CPU
		{5E26E2AC-7E26-4ECD-8DF9-B8806AA91257}.test_release|Any CPU.Build.0 = test_release|Any CPU
		{5E26E2AC-7E26-4ECD-8DF9-B8806AA91257}.test_release|Mixed Platforms.ActiveCfg = test_release|Any CPU
		{5E26E2AC-7E26-4ECD-8DF9-B8806AA91257}.test_release|Mixed Platforms.Build.0 = test_release|Any CPU
		{5E26E2AC-7E26-4ECD-8DF9-B8806AA91257}.test_release|x86.ActiveCfg = test_release|Any CPU
		{5E26E2AC-7E26-4ECD-8DF9-B8806AA91257}.test_release|x86.Build.0 = test_release|Any CPU
	EndGlobalSection
	GlobalSection(SolutionProperties) = preSolution
		HideSolutionNode = FALSE
	EndGlobalSection
	GlobalSection(NestedProjects) = preSolution
		{D36483EC-D896-4EB7-A876-2C030BAB56E5} = {47D8D338-5994-4101-B864-2D801A2848F5}
		{74D9334E-1CD5-44D9-87CC-D76888681010} = {47D8D338-5994-4101-B864-2D801A2848F5}
		{23B3E13A-3635-489B-BE69-FEF3FEEFB20A} = {47D8D338-5994-4101-B864-2D801A2848F5}
		{4F91AD6D-3D75-4292-ABE9-68E85050DB8A} = {47D8D338-5994-4101-B864-2D801A2848F5}
		{19FF6B8D-4484-4285-9E8A-486853FF66F0} = {47D8D338-5994-4101-B864-2D801A2848F5}
		{247B4F95-3086-473A-B9B7-4F49BEC54DDB} = {47D8D338-5994-4101-B864-2D801A2848F5}
		{93D484A0-9606-4ADF-BE77-CBD12D100750} = {47D8D338-5994-4101-B864-2D801A2848F5}
		{E4CB3898-6398-4834-B0EE-443C449DDE8D} = {47D8D338-5994-4101-B864-2D801A2848F5}
		{6C7EC494-DECF-481D-889D-93361E682A02} = {47D8D338-5994-4101-B864-2D801A2848F5}
		{04F7924B-1268-4514-B3B7-EE563C7A8E15} = {47D8D338-5994-4101-B864-2D801A2848F5}
		{AE93BE80-743C-4AA7-AE6D-B94EF6FFF4E6} = {47D8D338-5994-4101-B864-2D801A2848F5}
		{109C1344-5BEA-4E1A-B662-2C7FE60AC428} = {47D8D338-5994-4101-B864-2D801A2848F5}
		{5E26E2AC-7E26-4ECD-8DF9-B8806AA91257} = {47D8D338-5994-4101-B864-2D801A2848F5}
	EndGlobalSection
	GlobalSection(TestCaseManagementSettings) = postSolution
		CategoryFile = ..\..\nilnul.num.rational\nilnul.num.rational.vsmdi
	EndGlobalSection
EndGlobal
